// !$*UTF8*$!
{
	archiveVersion = 1;
	classes = {
	};
	objectVersion = 55;
	objects = {

/* Begin PBXBuildFile section */
		0A0891FB6ACFCB2F90E2CD6B /* Pods_Midterm.framework in Frameworks */ = {isa = PBXBuildFile; fileRef = E8D3FCD65F8ECEB4E507449A /* Pods_Midterm.framework */; };
		CFA7A5A12979AFD100487669 /* MidtermApp.swift in Sources */ = {isa = PBXBuildFile; fileRef = CFA7A5A02979AFD100487669 /* MidtermApp.swift */; };
		CFA7A5A32979AFD100487669 /* ContentView.swift in Sources */ = {isa = PBXBuildFile; fileRef = CFA7A5A22979AFD100487669 /* ContentView.swift */; };
		CFA7A5A52979AFD300487669 /* Assets.xcassets in Resources */ = {isa = PBXBuildFile; fileRef = CFA7A5A42979AFD300487669 /* Assets.xcassets */; };
		CFA7A5A82979AFD300487669 /* Preview Assets.xcassets in Resources */ = {isa = PBXBuildFile; fileRef = CFA7A5A72979AFD300487669 /* Preview Assets.xcassets */; };
		CFA7A5B22979AFD400487669 /* MidtermTests.swift in Sources */ = {isa = PBXBuildFile; fileRef = CFA7A5B12979AFD400487669 /* MidtermTests.swift */; };
		CFA7A5BC2979AFD400487669 /* MidtermUITests.swift in Sources */ = {isa = PBXBuildFile; fileRef = CFA7A5BB2979AFD400487669 /* MidtermUITests.swift */; };
		CFA7A5BE2979AFD400487669 /* MidtermUITestsLaunchTests.swift in Sources */ = {isa = PBXBuildFile; fileRef = CFA7A5BD2979AFD400487669 /* MidtermUITestsLaunchTests.swift */; };
		CFA7A5CB2979B5DE00487669 /* FetchData.swift in Sources */ = {isa = PBXBuildFile; fileRef = CFA7A5CA2979B5DE00487669 /* FetchData.swift */; };
		CFA7A5CD2979B62E00487669 /* Codables.swift in Sources */ = {isa = PBXBuildFile; fileRef = CFA7A5CC2979B62E00487669 /* Codables.swift */; };
		CFA7A5CF297B0CC200487669 /* RecipeView.swift in Sources */ = {isa = PBXBuildFile; fileRef = CFA7A5CE297B0CC200487669 /* RecipeView.swift */; };
		CFA7A5D1297B11B700487669 /* RecipeListView.swift in Sources */ = {isa = PBXBuildFile; fileRef = CFA7A5D0297B11B700487669 /* RecipeListView.swift */; };
		CFA7A5D3297B13CE00487669 /* MenuView.swift in Sources */ = {isa = PBXBuildFile; fileRef = CFA7A5D2297B13CE00487669 /* MenuView.swift */; };
/* End PBXBuildFile section */

/* Begin PBXContainerItemProxy section */
		CFA7A5AE2979AFD400487669 /* PBXContainerItemProxy */ = {
			isa = PBXContainerItemProxy;
			containerPortal = CFA7A5952979AFD100487669 /* Project object */;
			proxyType = 1;
			remoteGlobalIDString = CFA7A59C2979AFD100487669;
			remoteInfo = Midterm;
		};
		CFA7A5B82979AFD400487669 /* PBXContainerItemProxy */ = {
			isa = PBXContainerItemProxy;
			containerPortal = CFA7A5952979AFD100487669 /* Project object */;
			proxyType = 1;
			remoteGlobalIDString = CFA7A59C2979AFD100487669;
			remoteInfo = Midterm;
		};
/* End PBXContainerItemProxy section */

/* Begin PBXFileReference section */
		5B3EEFF00634FA9AA590A122 /* Pods-Midterm.debug.xcconfig */ = {isa = PBXFileReference; includeInIndex = 1; lastKnownFileType = text.xcconfig; name = "Pods-Midterm.debug.xcconfig"; path = "Target Support Files/Pods-Midterm/Pods-Midterm.debug.xcconfig"; sourceTree = "<group>"; };
		A6203EAD7D31D760F46751C1 /* Pods-Midterm.release.xcconfig */ = {isa = PBXFileReference; includeInIndex = 1; lastKnownFileType = text.xcconfig; name = "Pods-Midterm.release.xcconfig"; path = "Target Support Files/Pods-Midterm/Pods-Midterm.release.xcconfig"; sourceTree = "<group>"; };
		CFA7A59D2979AFD100487669 /* Midterm.app */ = {isa = PBXFileReference; explicitFileType = wrapper.application; includeInIndex = 0; path = Midterm.app; sourceTree = BUILT_PRODUCTS_DIR; };
		CFA7A5A02979AFD100487669 /* MidtermApp.swift */ = {isa = PBXFileReference; lastKnownFileType = sourcecode.swift; path = MidtermApp.swift; sourceTree = "<group>"; };
		CFA7A5A22979AFD100487669 /* ContentView.swift */ = {isa = PBXFileReference; lastKnownFileType = sourcecode.swift; path = ContentView.swift; sourceTree = "<group>"; };
		CFA7A5A42979AFD300487669 /* Assets.xcassets */ = {isa = PBXFileReference; lastKnownFileType = folder.assetcatalog; path = Assets.xcassets; sourceTree = "<group>"; };
		CFA7A5A72979AFD300487669 /* Preview Assets.xcassets */ = {isa = PBXFileReference; lastKnownFileType = folder.assetcatalog; path = "Preview Assets.xcassets"; sourceTree = "<group>"; };
		CFA7A5AD2979AFD400487669 /* MidtermTests.xctest */ = {isa = PBXFileReference; explicitFileType = wrapper.cfbundle; includeInIndex = 0; path = MidtermTests.xctest; sourceTree = BUILT_PRODUCTS_DIR; };
		CFA7A5B12979AFD400487669 /* MidtermTests.swift */ = {isa = PBXFileReference; lastKnownFileType = sourcecode.swift; path = MidtermTests.swift; sourceTree = "<group>"; };
		CFA7A5B72979AFD400487669 /* MidtermUITests.xctest */ = {isa = PBXFileReference; explicitFileType = wrapper.cfbundle; includeInIndex = 0; path = MidtermUITests.xctest; sourceTree = BUILT_PRODUCTS_DIR; };
		CFA7A5BB2979AFD400487669 /* MidtermUITests.swift */ = {isa = PBXFileReference; lastKnownFileType = sourcecode.swift; path = MidtermUITests.swift; sourceTree = "<group>"; };
		CFA7A5BD2979AFD400487669 /* MidtermUITestsLaunchTests.swift */ = {isa = PBXFileReference; lastKnownFileType = sourcecode.swift; path = MidtermUITestsLaunchTests.swift; sourceTree = "<group>"; };
		CFA7A5CA2979B5DE00487669 /* FetchData.swift */ = {isa = PBXFileReference; lastKnownFileType = sourcecode.swift; path = FetchData.swift; sourceTree = "<group>"; };
		CFA7A5CC2979B62E00487669 /* Codables.swift */ = {isa = PBXFileReference; lastKnownFileType = sourcecode.swift; path = Codables.swift; sourceTree = "<group>"; };
		CFA7A5CE297B0CC200487669 /* RecipeView.swift */ = {isa = PBXFileReference; lastKnownFileType = sourcecode.swift; path = RecipeView.swift; sourceTree = "<group>"; };
		CFA7A5D0297B11B700487669 /* RecipeListView.swift */ = {isa = PBXFileReference; lastKnownFileType = sourcecode.swift; path = RecipeListView.swift; sourceTree = "<group>"; };
		CFA7A5D2297B13CE00487669 /* MenuView.swift */ = {isa = PBXFileReference; lastKnownFileType = sourcecode.swift; path = MenuView.swift; sourceTree = "<group>"; };
		E8D3FCD65F8ECEB4E507449A /* Pods_Midterm.framework */ = {isa = PBXFileReference; explicitFileType = wrapper.framework; includeInIndex = 0; path = Pods_Midterm.framework; sourceTree = BUILT_PRODUCTS_DIR; };
/* End PBXFileReference section */

/* Begin PBXFrameworksBuildPhase section */
		CFA7A59A2979AFD100487669 /* Frameworks */ = {
			isa = PBXFrameworksBuildPhase;
			buildActionMask = 2147483647;
			files = (
				0A0891FB6ACFCB2F90E2CD6B /* Pods_Midterm.framework in Frameworks */,
			);
			runOnlyForDeploymentPostprocessing = 0;
		};
		CFA7A5AA2979AFD400487669 /* Frameworks */ = {
			isa = PBXFrameworksBuildPhase;
			buildActionMask = 2147483647;
			files = (
			);
			runOnlyForDeploymentPostprocessing = 0;
		};
		CFA7A5B42979AFD400487669 /* Frameworks */ = {
			isa = PBXFrameworksBuildPhase;
			buildActionMask = 2147483647;
			files = (
			);
			runOnlyForDeploymentPostprocessing = 0;
		};
/* End PBXFrameworksBuildPhase section */

/* Begin PBXGroup section */
		AE3CFD5BA29A2D145CDE766A /* Frameworks */ = {
			isa = PBXGroup;
			children = (
				E8D3FCD65F8ECEB4E507449A /* Pods_Midterm.framework */,
			);
			name = Frameworks;
			sourceTree = "<group>";
		};
		CFA7A5942979AFD100487669 = {
			isa = PBXGroup;
			children = (
				CFA7A59F2979AFD100487669 /* Midterm */,
				CFA7A5B02979AFD400487669 /* MidtermTests */,
				CFA7A5BA2979AFD400487669 /* MidtermUITests */,
				CFA7A59E2979AFD100487669 /* Products */,
				E311DC02402CA355D6590601 /* Pods */,
				AE3CFD5BA29A2D145CDE766A /* Frameworks */,
			);
			sourceTree = "<group>";
		};
		CFA7A59E2979AFD100487669 /* Products */ = {
			isa = PBXGroup;
			children = (
				CFA7A59D2979AFD100487669 /* Midterm.app */,
				CFA7A5AD2979AFD400487669 /* MidtermTests.xctest */,
				CFA7A5B72979AFD400487669 /* MidtermUITests.xctest */,
			);
			name = Products;
			sourceTree = "<group>";
		};
		CFA7A59F2979AFD100487669 /* Midterm */ = {
			isa = PBXGroup;
			children = (
				CFA7A5A02979AFD100487669 /* MidtermApp.swift */,
				CFA7A5A22979AFD100487669 /* ContentView.swift */,
				CFA7A5A42979AFD300487669 /* Assets.xcassets */,
				CFA7A5A62979AFD300487669 /* Preview Content */,
				CFA7A5CA2979B5DE00487669 /* FetchData.swift */,
				CFA7A5CC2979B62E00487669 /* Codables.swift */,
				CFA7A5CE297B0CC200487669 /* RecipeView.swift */,
				CFA7A5D0297B11B700487669 /* RecipeListView.swift */,
				CFA7A5D2297B13CE00487669 /* MenuView.swift */,
			);
			path = Midterm;
			sourceTree = "<group>";
		};
		CFA7A5A62979AFD300487669 /* Preview Content */ = {
			isa = PBXGroup;
			children = (
				CFA7A5A72979AFD300487669 /* Preview Assets.xcassets */,
			);
			path = "Preview Content";
			sourceTree = "<group>";
		};
		CFA7A5B02979AFD400487669 /* MidtermTests */ = {
			isa = PBXGroup;
			children = (
				CFA7A5B12979AFD400487669 /* MidtermTests.swift */,
			);
			path = MidtermTests;
			sourceTree = "<group>";
		};
		CFA7A5BA2979AFD400487669 /* MidtermUITests */ = {
			isa = PBXGroup;
			children = (
				CFA7A5BB2979AFD400487669 /* MidtermUITests.swift */,
				CFA7A5BD2979AFD400487669 /* MidtermUITestsLaunchTests.swift */,
			);
			path = MidtermUITests;
			sourceTree = "<group>";
		};
		E311DC02402CA355D6590601 /* Pods */ = {
			isa = PBXGroup;
			children = (
				5B3EEFF00634FA9AA590A122 /* Pods-Midterm.debug.xcconfig */,
				A6203EAD7D31D760F46751C1 /* Pods-Midterm.release.xcconfig */,
			);
			path = Pods;
			sourceTree = "<group>";
		};
/* End PBXGroup section */

/* Begin PBXNativeTarget section */
		CFA7A59C2979AFD100487669 /* Midterm */ = {
			isa = PBXNativeTarget;
			buildConfigurationList = CFA7A5C12979AFD400487669 /* Build configuration list for PBXNativeTarget "Midterm" */;
			buildPhases = (
				95FC06D647413F083478EE7C /* [CP] Check Pods Manifest.lock */,
				CFA7A5992979AFD100487669 /* Sources */,
				CFA7A59A2979AFD100487669 /* Frameworks */,
				CFA7A59B2979AFD100487669 /* Resources */,
				F7636C9A4C4A6DFF5DF1C4A1 /* [CP] Embed Pods Frameworks */,
			);
			buildRules = (
			);
			dependencies = (
			);
			name = Midterm;
			productName = Midterm;
			productReference = CFA7A59D2979AFD100487669 /* Midterm.app */;
			productType = "com.apple.product-type.application";
		};
		CFA7A5AC2979AFD400487669 /* MidtermTests */ = {
			isa = PBXNativeTarget;
			buildConfigurationList = CFA7A5C42979AFD400487669 /* Build configuration list for PBXNativeTarget "MidtermTests" */;
			buildPhases = (
				CFA7A5A92979AFD400487669 /* Sources */,
				CFA7A5AA2979AFD400487669 /* Frameworks */,
				CFA7A5AB2979AFD400487669 /* Resources */,
			);
			buildRules = (
			);
			dependencies = (
				CFA7A5AF2979AFD400487669 /* PBXTargetDependency */,
			);
			name = MidtermTests;
			productName = MidtermTests;
			productReference = CFA7A5AD2979AFD400487669 /* MidtermTests.xctest */;
			productType = "com.apple.product-type.bundle.unit-test";
		};
		CFA7A5B62979AFD400487669 /* MidtermUITests */ = {
			isa = PBXNativeTarget;
			buildConfigurationList = CFA7A5C72979AFD400487669 /* Build configuration list for PBXNativeTarget "MidtermUITests" */;
			buildPhases = (
				CFA7A5B32979AFD400487669 /* Sources */,
				CFA7A5B42979AFD400487669 /* Frameworks */,
				CFA7A5B52979AFD400487669 /* Resources */,
			);
			buildRules = (
			);
			dependencies = (
				CFA7A5B92979AFD400487669 /* PBXTargetDependency */,
			);
			name = MidtermUITests;
			productName = MidtermUITests;
			productReference = CFA7A5B72979AFD400487669 /* MidtermUITests.xctest */;
			productType = "com.apple.product-type.bundle.ui-testing";
		};
/* End PBXNativeTarget section */

/* Begin PBXProject section */
		CFA7A5952979AFD100487669 /* Project object */ = {
			isa = PBXProject;
			attributes = {
				BuildIndependentTargetsInParallel = 1;
				LastSwiftUpdateCheck = 1340;
				LastUpgradeCheck = 1340;
				TargetAttributes = {
					CFA7A59C2979AFD100487669 = {
						CreatedOnToolsVersion = 13.4.1;
					};
					CFA7A5AC2979AFD400487669 = {
						CreatedOnToolsVersion = 13.4.1;
						TestTargetID = CFA7A59C2979AFD100487669;
					};
					CFA7A5B62979AFD400487669 = {
						CreatedOnToolsVersion = 13.4.1;
						TestTargetID = CFA7A59C2979AFD100487669;
					};
				};
			};
			buildConfigurationList = CFA7A5982979AFD100487669 /* Build configuration list for PBXProject "Midterm" */;
			compatibilityVersion = "Xcode 13.0";
			developmentRegion = en;
			hasScannedForEncodings = 0;
			knownRegions = (
				en,
				Base,
			);
			mainGroup = CFA7A5942979AFD100487669;
			productRefGroup = CFA7A59E2979AFD100487669 /* Products */;
			projectDirPath = "";
			projectRoot = "";
			targets = (
				CFA7A59C2979AFD100487669 /* Midterm */,
				CFA7A5AC2979AFD400487669 /* MidtermTests */,
				CFA7A5B62979AFD400487669 /* MidtermUITests */,
			);
		};
/* End PBXProject section */

/* Begin PBXResourcesBuildPhase section */
		CFA7A59B2979AFD100487669 /* Resources */ = {
			isa = PBXResourcesBuildPhase;
			buildActionMask = 2147483647;
			files = (
				CFA7A5A82979AFD300487669 /* Preview Assets.xcassets in Resources */,
				CFA7A5A52979AFD300487669 /* Assets.xcassets in Resources */,
			);
			runOnlyForDeploymentPostprocessing = 0;
		};
		CFA7A5AB2979AFD400487669 /* Resources */ = {
			isa = PBXResourcesBuildPhase;
			buildActionMask = 2147483647;
			files = (
			);
			runOnlyForDeploymentPostprocessing = 0;
		};
		CFA7A5B52979AFD400487669 /* Resources */ = {
			isa = PBXResourcesBuildPhase;
			buildActionMask = 2147483647;
			files = (
			);
			runOnlyForDeploymentPostprocessing = 0;
		};
/* End PBXResourcesBuildPhase section */

/* Begin PBXShellScriptBuildPhase section */
		95FC06D647413F083478EE7C /* [CP] Check Pods Manifest.lock */ = {
			isa = PBXShellScriptBuildPhase;
			buildActionMask = 2147483647;
			files = (
			);
			inputFileListPaths = (
			);
			inputPaths = (
				"${PODS_PODFILE_DIR_PATH}/Podfile.lock",
				"${PODS_ROOT}/Manifest.lock",
			);
			name = "[CP] Check Pods Manifest.lock";
			outputFileListPaths = (
			);
			outputPaths = (
				"$(DERIVED_FILE_DIR)/Pods-Midterm-checkManifestLockResult.txt",
			);
			runOnlyForDeploymentPostprocessing = 0;
			shellPath = /bin/sh;
			shellScript = "diff \"${PODS_PODFILE_DIR_PATH}/Podfile.lock\" \"${PODS_ROOT}/Manifest.lock\" > /dev/null\nif [ $? != 0 ] ; then\n    # print error to STDERR\n    echo \"error: The sandbox is not in sync with the Podfile.lock. Run 'pod install' or update your CocoaPods installation.\" >&2\n    exit 1\nfi\n# This output is used by Xcode 'outputs' to avoid re-running this script phase.\necho \"SUCCESS\" > \"${SCRIPT_OUTPUT_FILE_0}\"\n";
			showEnvVarsInLog = 0;
		};
		F7636C9A4C4A6DFF5DF1C4A1 /* [CP] Embed Pods Frameworks */ = {
			isa = PBXShellScriptBuildPhase;
			buildActionMask = 2147483647;
			files = (
			);
			inputFileListPaths = (
				"${PODS_ROOT}/Target Support Files/Pods-Midterm/Pods-Midterm-frameworks-${CONFIGURATION}-input-files.xcfilelist",
			);
			name = "[CP] Embed Pods Frameworks";
			outputFileListPaths = (
				"${PODS_ROOT}/Target Support Files/Pods-Midterm/Pods-Midterm-frameworks-${CONFIGURATION}-output-files.xcfilelist",
			);
			runOnlyForDeploymentPostprocessing = 0;
			shellPath = /bin/sh;
			shellScript = "\"${PODS_ROOT}/Target Support Files/Pods-Midterm/Pods-Midterm-frameworks.sh\"\n";
			showEnvVarsInLog = 0;
		};
/* End PBXShellScriptBuildPhase section */

/* Begin PBXSourcesBuildPhase section */
		CFA7A5992979AFD100487669 /* Sources */ = {
			isa = PBXSourcesBuildPhase;
			buildActionMask = 2147483647;
			files = (
				CFA7A5D3297B13CE00487669 /* MenuView.swift in Sources */,
				CFA7A5D1297B11B700487669 /* RecipeListView.swift in Sources */,
				CFA7A5A32979AFD100487669 /* ContentView.swift in Sources */,
				CFA7A5CB2979B5DE00487669 /* FetchData.swift in Sources */,
				CFA7A5CD2979B62E00487669 /* Codables.swift in Sources */,
				CFA7A5A12979AFD100487669 /* MidtermApp.swift in Sources */,
				CFA7A5CF297B0CC200487669 /* RecipeView.swift in Sources */,
			);
			runOnlyForDeploymentPostprocessing = 0;
		};
		CFA7A5A92979AFD400487669 /* Sources */ = {
			isa = PBXSourcesBuildPhase;
			buildActionMask = 2147483647;
			files = (
				CFA7A5B22979AFD400487669 /* MidtermTests.swift in Sources */,
			);
			runOnlyForDeploymentPostprocessing = 0;
		};
		CFA7A5B32979AFD400487669 /* Sources */ = {
			isa = PBXSourcesBuildPhase;
			buildActionMask = 2147483647;
			files = (
				CFA7A5BC2979AFD400487669 /* MidtermUITests.swift in Sources */,
				CFA7A5BE2979AFD400487669 /* MidtermUITestsLaunchTests.swift in Sources */,
			);
			runOnlyForDeploymentPostprocessing = 0;
		};
/* End PBXSourcesBuildPhase section */

/* Begin PBXTargetDependency section */
		CFA7A5AF2979AFD400487669 /* PBXTargetDependency */ = {
			isa = PBXTargetDependency;
			target = CFA7A59C2979AFD100487669 /* Midterm */;
			targetProxy = CFA7A5AE2979AFD400487669 /* PBXContainerItemProxy */;
		};
		CFA7A5B92979AFD400487669 /* PBXTargetDependency */ = {
			isa = PBXTargetDependency;
			target = CFA7A59C2979AFD100487669 /* Midterm */;
			targetProxy = CFA7A5B82979AFD400487669 /* PBXContainerItemProxy */;
		};
/* End PBXTargetDependency section */

/* Begin XCBuildConfiguration section */
		CFA7A5BF2979AFD400487669 /* Debug */ = {
			isa = XCBuildConfiguration;
			buildSettings = {
				ALWAYS_SEARCH_USER_PATHS = NO;
				CLANG_ANALYZER_NONNULL = YES;
				CLANG_ANALYZER_NUMBER_OBJECT_CONVERSION = YES_AGGRESSIVE;
				CLANG_CXX_LANGUAGE_STANDARD = "gnu++17";
				CLANG_ENABLE_MODULES = YES;
				CLANG_ENABLE_OBJC_ARC = YES;
				CLANG_ENABLE_OBJC_WEAK = YES;
				CLANG_WARN_BLOCK_CAPTURE_AUTORELEASING = YES;
				CLANG_WARN_BOOL_CONVERSION = YES;
				CLANG_WARN_COMMA = YES;
				CLANG_WARN_CONSTANT_CONVERSION = YES;
				CLANG_WARN_DEPRECATED_OBJC_IMPLEMENTATIONS = YES;
				CLANG_WARN_DIRECT_OBJC_ISA_USAGE = YES_ERROR;
				CLANG_WARN_DOCUMENTATION_COMMENTS = YES;
				CLANG_WARN_EMPTY_BODY = YES;
				CLANG_WARN_ENUM_CONVERSION = YES;
				CLANG_WARN_INFINITE_RECURSION = YES;
				CLANG_WARN_INT_CONVERSION = YES;
				CLANG_WARN_NON_LITERAL_NULL_CONVERSION = YES;
				CLANG_WARN_OBJC_IMPLICIT_RETAIN_SELF = YES;
				CLANG_WARN_OBJC_LITERAL_CONVERSION = YES;
				CLANG_WARN_OBJC_ROOT_CLASS = YES_ERROR;
				CLANG_WARN_QUOTED_INCLUDE_IN_FRAMEWORK_HEADER = YES;
				CLANG_WARN_RANGE_LOOP_ANALYSIS = YES;
				CLANG_WARN_STRICT_PROTOTYPES = YES;
				CLANG_WARN_SUSPICIOUS_MOVE = YES;
				CLANG_WARN_UNGUARDED_AVAILABILITY = YES_AGGRESSIVE;
				CLANG_WARN_UNREACHABLE_CODE = YES;
				CLANG_WARN__DUPLICATE_METHOD_MATCH = YES;
				COPY_PHASE_STRIP = NO;
				DEBUG_INFORMATION_FORMAT = dwarf;
				ENABLE_STRICT_OBJC_MSGSEND = YES;
				ENABLE_TESTABILITY = YES;
				GCC_C_LANGUAGE_STANDARD = gnu11;
				GCC_DYNAMIC_NO_PIC = NO;
				GCC_NO_COMMON_BLOCKS = YES;
				GCC_OPTIMIZATION_LEVEL = 0;
				GCC_PREPROCESSOR_DEFINITIONS = (
					"DEBUG=1",
					"$(inherited)",
				);
				GCC_WARN_64_TO_32_BIT_CONVERSION = YES;
				GCC_WARN_ABOUT_RETURN_TYPE = YES_ERROR;
				GCC_WARN_UNDECLARED_SELECTOR = YES;
				GCC_WARN_UNINITIALIZED_AUTOS = YES_AGGRESSIVE;
				GCC_WARN_UNUSED_FUNCTION = YES;
				GCC_WARN_UNUSED_VARIABLE = YES;
				IPHONEOS_DEPLOYMENT_TARGET = 15.5;
				MTL_ENABLE_DEBUG_INFO = INCLUDE_SOURCE;
				MTL_FAST_MATH = YES;
				ONLY_ACTIVE_ARCH = YES;
				SDKROOT = iphoneos;
				SWIFT_ACTIVE_COMPILATION_CONDITIONS = DEBUG;
				SWIFT_OPTIMIZATION_LEVEL = "-Onone";
			};
			name = Debug;
		};
		CFA7A5C02979AFD400487669 /* Release */ = {
			isa = XCBuildConfiguration;
			buildSettings = {
				ALWAYS_SEARCH_USER_PATHS = NO;
				CLANG_ANALYZER_NONNULL = YES;
				CLANG_ANALYZER_NUMBER_OBJECT_CONVERSION = YES_AGGRESSIVE;
				CLANG_CXX_LANGUAGE_STANDARD = "gnu++17";
				CLANG_ENABLE_MODULES = YES;
				CLANG_ENABLE_OBJC_ARC = YES;
				CLANG_ENABLE_OBJC_WEAK = YES;
				CLANG_WARN_BLOCK_CAPTURE_AUTORELEASING = YES;
				CLANG_WARN_BOOL_CONVERSION = YES;
				CLANG_WARN_COMMA = YES;
				CLANG_WARN_CONSTANT_CONVERSION = YES;
				CLANG_WARN_DEPRECATED_OBJC_IMPLEMENTATIONS = YES;
				CLANG_WARN_DIRECT_OBJC_ISA_USAGE = YES_ERROR;
				CLANG_WARN_DOCUMENTATION_COMMENTS = YES;
				CLANG_WARN_EMPTY_BODY = YES;
				CLANG_WARN_ENUM_CONVERSION = YES;
				CLANG_WARN_INFINITE_RECURSION = YES;
				CLANG_WARN_INT_CONVERSION = YES;
				CLANG_WARN_NON_LITERAL_NULL_CONVERSION = YES;
				CLANG_WARN_OBJC_IMPLICIT_RETAIN_SELF = YES;
				CLANG_WARN_OBJC_LITERAL_CONVERSION = YES;
				CLANG_WARN_OBJC_ROOT_CLASS = YES_ERROR;
				CLANG_WARN_QUOTED_INCLUDE_IN_FRAMEWORK_HEADER = YES;
				CLANG_WARN_RANGE_LOOP_ANALYSIS = YES;
				CLANG_WARN_STRICT_PROTOTYPES = YES;
				CLANG_WARN_SUSPICIOUS_MOVE = YES;
				CLANG_WARN_UNGUARDED_AVAILABILITY = YES_AGGRESSIVE;
				CLANG_WARN_UNREACHABLE_CODE = YES;
				CLANG_WARN__DUPLICATE_METHOD_MATCH = YES;
				COPY_PHASE_STRIP = NO;
				DEBUG_INFORMATION_FORMAT = "dwarf-with-dsym";
				ENABLE_NS_ASSERTIONS = NO;
				ENABLE_STRICT_OBJC_MSGSEND = YES;
				GCC_C_LANGUAGE_STANDARD = gnu11;
				GCC_NO_COMMON_BLOCKS = YES;
				GCC_WARN_64_TO_32_BIT_CONVERSION = YES;
				GCC_WARN_ABOUT_RETURN_TYPE = YES_ERROR;
				GCC_WARN_UNDECLARED_SELECTOR = YES;
				GCC_WARN_UNINITIALIZED_AUTOS = YES_AGGRESSIVE;
				GCC_WARN_UNUSED_FUNCTION = YES;
				GCC_WARN_UNUSED_VARIABLE = YES;
				IPHONEOS_DEPLOYMENT_TARGET = 15.5;
				MTL_ENABLE_DEBUG_INFO = NO;
				MTL_FAST_MATH = YES;
				SDKROOT = iphoneos;
				SWIFT_COMPILATION_MODE = wholemodule;
				SWIFT_OPTIMIZATION_LEVEL = "-O";
				VALIDATE_PRODUCT = YES;
			};
			name = Release;
		};
		CFA7A5C22979AFD400487669 /* Debug */ = {
			isa = XCBuildConfiguration;
			baseConfigurationReference = 5B3EEFF00634FA9AA590A122 /* Pods-Midterm.debug.xcconfig */;
			buildSettings = {
				ASSETCATALOG_COMPILER_APPICON_NAME = AppIcon;
				ASSETCATALOG_COMPILER_GLOBAL_ACCENT_COLOR_NAME = AccentColor;
				CODE_SIGN_STYLE = Automatic;
				CURRENT_PROJECT_VERSION = 1;
				DEVELOPMENT_ASSET_PATHS = "\"Midterm/Preview Content\"";
				DEVELOPMENT_TEAM = ZMFNH4Y427;
				ENABLE_PREVIEWS = YES;
				GENERATE_INFOPLIST_FILE = YES;
				INFOPLIST_KEY_UIApplicationSceneManifest_Generation = YES;
				INFOPLIST_KEY_UIApplicationSupportsIndirectInputEvents = YES;
				INFOPLIST_KEY_UILaunchScreen_Generation = YES;
				INFOPLIST_KEY_UISupportedInterfaceOrientations_iPad = "UIInterfaceOrientationPortrait UIInterfaceOrientationPortraitUpsideDown UIInterfaceOrientationLandscapeLeft UIInterfaceOrientationLandscapeRight";
				INFOPLIST_KEY_UISupportedInterfaceOrientations_iPhone = "UIInterfaceOrientationPortrait UIInterfaceOrientationLandscapeLeft UIInterfaceOrientationLandscapeRight";
				LD_RUNPATH_SEARCH_PATHS = (
					"$(inherited)",
					"@executable_path/Frameworks",
				);
				MARKETING_VERSION = 1.0;
				PRODUCT_BUNDLE_IDENTIFIER = "The-IRS.Midterm";
				PRODUCT_NAME = "$(TARGET_NAME)";
				SWIFT_EMIT_LOC_STRINGS = YES;
				SWIFT_VERSION = 5.0;
				TARGETED_DEVICE_FAMILY = "1,2";
			};
			name = Debug;
		};
		CFA7A5C32979AFD400487669 /* Release */ = {
			isa = XCBuildConfiguration;
			baseConfigurationReference = A6203EAD7D31D760F46751C1 /* Pods-Midterm.release.xcconfig */;
			buildSettings = {
				ASSETCATALOG_COMPILER_APPICON_NAME = AppIcon;
				ASSETCATALOG_COMPILER_GLOBAL_ACCENT_COLOR_NAME = AccentColor;
				CODE_SIGN_STYLE = Automatic;
				CURRENT_PROJECT_VERSION = 1;
				DEVELOPMENT_ASSET_PATHS = "\"Midterm/Preview Content\"";
				DEVELOPMENT_TEAM = ZMFNH4Y427;
				ENABLE_PREVIEWS = YES;
				GENERATE_INFOPLIST_FILE = YES;
				INFOPLIST_KEY_UIApplicationSceneManifest_Generation = YES;
				INFOPLIST_KEY_UIApplicationSupportsIndirectInputEvents = YES;
				INFOPLIST_KEY_UILaunchScreen_Generation = YES;
				INFOPLIST_KEY_UISupportedInterfaceOrientations_iPad = "UIInterfaceOrientationPortrait UIInterfaceOrientationPortraitUpsideDown UIInterfaceOrientationLandscapeLeft UIInterfaceOrientationLandscapeRight";
				INFOPLIST_KEY_UISupportedInterfaceOrientations_iPhone = "UIInterfaceOrientationPortrait UIInterfaceOrientationLandscapeLeft UIInterfaceOrientationLandscapeRight";
				LD_RUNPATH_SEARCH_PATHS = (
					"$(inherited)",
					"@executable_path/Frameworks",
				);
				MARKETING_VERSION = 1.0;
				PRODUCT_BUNDLE_IDENTIFIER = "The-IRS.Midterm";
				PRODUCT_NAME = "$(TARGET_NAME)";
				SWIFT_EMIT_LOC_STRINGS = YES;
				SWIFT_VERSION = 5.0;
				TARGETED_DEVICE_FAMILY = "1,2";
			};
			name = Release;
		};
		CFA7A5C52979AFD400487669 /* Debug */ = {
			isa = XCBuildConfiguration;
			buildSettings = {
				ALWAYS_EMBED_SWIFT_STANDARD_LIBRARIES = YES;
				BUNDLE_LOADER = "$(TEST_HOST)";
				CODE_SIGN_STYLE = Automatic;
				CURRENT_PROJECT_VERSION = 1;
				DEVELOPMENT_TEAM = ZMFNH4Y427;
				GENERATE_INFOPLIST_FILE = YES;
				IPHONEOS_DEPLOYMENT_TARGET = 15.5;
				MARKETING_VERSION = 1.0;
				PRODUCT_BUNDLE_IDENTIFIER = "The-IRS.MidtermTests";
				PRODUCT_NAME = "$(TARGET_NAME)";
				SWIFT_EMIT_LOC_STRINGS = NO;
				SWIFT_VERSION = 5.0;
				TARGETED_DEVICE_FAMILY = "1,2";
				TEST_HOST = "$(BUILT_PRODUCTS_DIR)/Midterm.app/Midterm";
			};
			name = Debug;
		};
		CFA7A5C62979AFD400487669 /* Release */ = {
			isa = XCBuildConfiguration;
			buildSettings = {
				ALWAYS_EMBED_SWIFT_STANDARD_LIBRARIES = YES;
				BUNDLE_LOADER = "$(TEST_HOST)";
				CODE_SIGN_STYLE = Automatic;
				CURRENT_PROJECT_VERSION = 1;
				DEVELOPMENT_TEAM = ZMFNH4Y427;
				GENERATE_INFOPLIST_FILE = YES;
				IPHONEOS_DEPLOYMENT_TARGET = 15.5;
				MARKETING_VERSION = 1.0;
				PRODUCT_BUNDLE_IDENTIFIER = "The-IRS.MidtermTests";
				PRODUCT_NAME = "$(TARGET_NAME)";
				SWIFT_EMIT_LOC_STRINGS = NO;
				SWIFT_VERSION = 5.0;
				TARGETED_DEVICE_FAMILY = "1,2";
				TEST_HOST = "$(BUILT_PRODUCTS_DIR)/Midterm.app/Midterm";
			};
			name = Release;
		};
		CFA7A5C82979AFD400487669 /* Debug */ = {
			isa = XCBuildConfiguration;
			buildSettings = {
				ALWAYS_EMBED_SWIFT_STANDARD_LIBRARIES = YES;
				CODE_SIGN_STYLE = Automatic;
				CURRENT_PROJECT_VERSION = 1;
				DEVELOPMENT_TEAM = ZMFNH4Y427;
				GENERATE_INFOPLIST_FILE = YES;
				MARKETING_VERSION = 1.0;
				PRODUCT_BUNDLE_IDENTIFIER = "The-IRS.MidtermUITests";
				PRODUCT_NAME = "$(TARGET_NAME)";
				SWIFT_EMIT_LOC_STRINGS = NO;
				SWIFT_VERSION = 5.0;
				TARGETED_DEVICE_FAMILY = "1,2";
				TEST_TARGET_NAME = Midterm;
			};
			name = Debug;
		};
		CFA7A5C92979AFD400487669 /* Release */ = {
			isa = XCBuildConfiguration;
			buildSettings = {
				ALWAYS_EMBED_SWIFT_STANDARD_LIBRARIES = YES;
				CODE_SIGN_STYLE = Automatic;
				CURRENT_PROJECT_VERSION = 1;
				DEVELOPMENT_TEAM = ZMFNH4Y427;
				GENERATE_INFOPLIST_FILE = YES;
				MARKETING_VERSION = 1.0;
				PRODUCT_BUNDLE_IDENTIFIER = "The-IRS.MidtermUITests";
				PRODUCT_NAME = "$(TARGET_NAME)";
				SWIFT_EMIT_LOC_STRINGS = NO;
				SWIFT_VERSION = 5.0;
				TARGETED_DEVICE_FAMILY = "1,2";
				TEST_TARGET_NAME = Midterm;
			};
			name = Release;
		};
/* End XCBuildConfiguration section */

/* Begin XCConfigurationList section */
		CFA7A5982979AFD100487669 /* Build configuration list for PBXProject "Midterm" */ = {
			isa = XCConfigurationList;
			buildConfigurations = (
				CFA7A5BF2979AFD400487669 /* Debug */,
				CFA7A5C02979AFD400487669 /* Release */,
			);
			defaultConfigurationIsVisible = 0;
			defaultConfigurationName = Release;
		};
		CFA7A5C12979AFD400487669 /* Build configuration list for PBXNativeTarget "Midterm" */ = {
			isa = XCConfigurationList;
			buildConfigurations = (
				CFA7A5C22979AFD400487669 /* Debug */,
				CFA7A5C32979AFD400487669 /* Release */,
			);
			defaultConfigurationIsVisible = 0;
			defaultConfigurationName = Release;
		};
		CFA7A5C42979AFD400487669 /* Build configuration list for PBXNativeTarget "MidtermTests" */ = {
			isa = XCConfigurationList;
			buildConfigurations = (
				CFA7A5C52979AFD400487669 /* Debug */,
				CFA7A5C62979AFD400487669 /* Release */,
			);
			defaultConfigurationIsVisible = 0;
			defaultConfigurationName = Release;
		};
		CFA7A5C72979AFD400487669 /* Build configuration list for PBXNativeTarget "MidtermUITests" */ = {
			isa = XCConfigurationList;
			buildConfigurations = (
				CFA7A5C82979AFD400487669 /* Debug */,
				CFA7A5C92979AFD400487669 /* Release */,
			);
			defaultConfigurationIsVisible = 0;
			defaultConfigurationName = Release;
		};
/* End XCConfigurationList section */
	};
	rootObject = CFA7A5952979AFD100487669 /* Project object */;
}
